
Microsoft Visual Studio Solution File, Format Version 12.00
# Visual Studio Version 17
VisualStudioVersion = 17.9.34723.18
MinimumVisualStudioVersion = 10.0.40219.1
Project("{FAE04EC0-301F-11D3-BF4B-00C04F79EFBC}") = "Api1", "Api1.csproj", "{09BFE50C-0D3F-4610-AAB2-CDF832B134E1}"
EndProject
Global
	GlobalSection(SolutionConfigurationPlatforms) = preSolution
		Debug|Any CPU = Debug|Any CPU
		Release|Any CPU = Release|Any CPU
	EndGlobalSection
	GlobalSection(ProjectConfigurationPlatforms) = postSolution
		{09BFE50C-0D3F-4610-AAB2-CDF832B134E1}.Debug|Any CPU.ActiveCfg = Debug|Any CPU
		{09BFE50C-0D3F-4610-AAB2-CDF832B134E1}.Debug|Any CPU.Build.0 = Debug|Any CPU
		{09BFE50C-0D3F-4610-AAB2-CDF832B134E1}.Release|Any CPU.ActiveCfg = Release|Any CPU
		{09BFE50C-0D3F-4610-AAB2-CDF832B134E1}.Release|Any CPU.Build.0 = Release|Any CPU
	EndGlobalSection
	GlobalSection(SolutionProperties) = preSolution
		HideSolutionNode = FALSE
	EndGlobalSection
	GlobalSection(ExtensibilityGlobals) = postSolution
		SolutionGuid = {1C3E3E02-A87C-4CB7-91BB-0D27B058F2EF}
	EndGlobalSection
EndGlobal
